<?xml version="1.0" encoding="UTF-8" standalone="yes" ?>
<CodeBlocks_project_file>
   <FileVersion major="1" minor="6" />
   <Project>
      <Option title="PlaygroundAINeuralNetworks2" />
      <Option makefile_is_custom="1" />
      <Option compiler="gcc" />
      <Option virtualFolders="CMake Files\;CMake Files\..\;CMake Files\..\..\;CMake Files\..\..\..\;CMake Files\..\..\..\3rdParty\;" />
      <Build>
      <Target title="all">
         <Option working_dir="C:/Users/Stefan/Documents/GitHub/Openpp/Sources/Playground/AI/NeuralNetworks2-build" />
         <Option type="4" />
         <MakeCommands>
            <Build command="C:/Softwareentwicklung/C++/Qt/Tools/mingw48_32/bin/mingw32-make.exe -f &quot;C:/Users/Stefan/Documents/GitHub/Openpp/Sources/Playground/AI/NeuralNetworks2-build/Makefile&quot;  VERBOSE=1 all" />
            <CompileFile command="C:/Softwareentwicklung/C++/Qt/Tools/mingw48_32/bin/mingw32-make.exe -f &quot;C:/Users/Stefan/Documents/GitHub/Openpp/Sources/Playground/AI/NeuralNetworks2-build/Makefile&quot;  VERBOSE=1 &quot;$file&quot;" />
            <Clean command="C:/Softwareentwicklung/C++/Qt/Tools/mingw48_32/bin/mingw32-make.exe -f &quot;C:/Users/Stefan/Documents/GitHub/Openpp/Sources/Playground/AI/NeuralNetworks2-build/Makefile&quot;  VERBOSE=1 clean" />
            <DistClean command="C:/Softwareentwicklung/C++/Qt/Tools/mingw48_32/bin/mingw32-make.exe -f &quot;C:/Users/Stefan/Documents/GitHub/Openpp/Sources/Playground/AI/NeuralNetworks2-build/Makefile&quot;  VERBOSE=1 clean" />
         </MakeCommands>
      </Target>
      <Target title="install/local">
         <Option working_dir="C:/Users/Stefan/Documents/GitHub/Openpp/Sources/Playground/AI/NeuralNetworks2-build" />
         <Option type="4" />
         <MakeCommands>
            <Build command="C:/Softwareentwicklung/C++/Qt/Tools/mingw48_32/bin/mingw32-make.exe -f &quot;C:/Users/Stefan/Documents/GitHub/Openpp/Sources/Playground/AI/NeuralNetworks2-build/Makefile&quot;  VERBOSE=1 install/local" />
            <CompileFile command="C:/Softwareentwicklung/C++/Qt/Tools/mingw48_32/bin/mingw32-make.exe -f &quot;C:/Users/Stefan/Documents/GitHub/Openpp/Sources/Playground/AI/NeuralNetworks2-build/Makefile&quot;  VERBOSE=1 &quot;$file&quot;" />
            <Clean command="C:/Softwareentwicklung/C++/Qt/Tools/mingw48_32/bin/mingw32-make.exe -f &quot;C:/Users/Stefan/Documents/GitHub/Openpp/Sources/Playground/AI/NeuralNetworks2-build/Makefile&quot;  VERBOSE=1 clean" />
            <DistClean command="C:/Softwareentwicklung/C++/Qt/Tools/mingw48_32/bin/mingw32-make.exe -f &quot;C:/Users/Stefan/Documents/GitHub/Openpp/Sources/Playground/AI/NeuralNetworks2-build/Makefile&quot;  VERBOSE=1 clean" />
         </MakeCommands>
      </Target>
      <Target title="install/strip">
         <Option working_dir="C:/Users/Stefan/Documents/GitHub/Openpp/Sources/Playground/AI/NeuralNetworks2-build" />
         <Option type="4" />
         <MakeCommands>
            <Build command="C:/Softwareentwicklung/C++/Qt/Tools/mingw48_32/bin/mingw32-make.exe -f &quot;C:/Users/Stefan/Documents/GitHub/Openpp/Sources/Playground/AI/NeuralNetworks2-build/Makefile&quot;  VERBOSE=1 install/strip" />
            <CompileFile command="C:/Softwareentwicklung/C++/Qt/Tools/mingw48_32/bin/mingw32-make.exe -f &quot;C:/Users/Stefan/Documents/GitHub/Openpp/Sources/Playground/AI/NeuralNetworks2-build/Makefile&quot;  VERBOSE=1 &quot;$file&quot;" />
            <Clean command="C:/Softwareentwicklung/C++/Qt/Tools/mingw48_32/bin/mingw32-make.exe -f &quot;C:/Users/Stefan/Documents/GitHub/Openpp/Sources/Playground/AI/NeuralNetworks2-build/Makefile&quot;  VERBOSE=1 clean" />
            <DistClean command="C:/Softwareentwicklung/C++/Qt/Tools/mingw48_32/bin/mingw32-make.exe -f &quot;C:/Users/Stefan/Documents/GitHub/Openpp/Sources/Playground/AI/NeuralNetworks2-build/Makefile&quot;  VERBOSE=1 clean" />
         </MakeCommands>
      </Target>
      <Target title="edit_cache">
         <Option working_dir="C:/Users/Stefan/Documents/GitHub/Openpp/Sources/Playground/AI/NeuralNetworks2-build" />
         <Option type="4" />
         <MakeCommands>
            <Build command="C:/Softwareentwicklung/C++/Qt/Tools/mingw48_32/bin/mingw32-make.exe -f &quot;C:/Users/Stefan/Documents/GitHub/Openpp/Sources/Playground/AI/NeuralNetworks2-build/Makefile&quot;  VERBOSE=1 edit_cache" />
            <CompileFile command="C:/Softwareentwicklung/C++/Qt/Tools/mingw48_32/bin/mingw32-make.exe -f &quot;C:/Users/Stefan/Documents/GitHub/Openpp/Sources/Playground/AI/NeuralNetworks2-build/Makefile&quot;  VERBOSE=1 &quot;$file&quot;" />
            <Clean command="C:/Softwareentwicklung/C++/Qt/Tools/mingw48_32/bin/mingw32-make.exe -f &quot;C:/Users/Stefan/Documents/GitHub/Openpp/Sources/Playground/AI/NeuralNetworks2-build/Makefile&quot;  VERBOSE=1 clean" />
            <DistClean command="C:/Softwareentwicklung/C++/Qt/Tools/mingw48_32/bin/mingw32-make.exe -f &quot;C:/Users/Stefan/Documents/GitHub/Openpp/Sources/Playground/AI/NeuralNetworks2-build/Makefile&quot;  VERBOSE=1 clean" />
         </MakeCommands>
      </Target>
      <Target title="install">
         <Option working_dir="C:/Users/Stefan/Documents/GitHub/Openpp/Sources/Playground/AI/NeuralNetworks2-build" />
         <Option type="4" />
         <MakeCommands>
            <Build command="C:/Softwareentwicklung/C++/Qt/Tools/mingw48_32/bin/mingw32-make.exe -f &quot;C:/Users/Stefan/Documents/GitHub/Openpp/Sources/Playground/AI/NeuralNetworks2-build/Makefile&quot;  VERBOSE=1 install" />
            <CompileFile command="C:/Softwareentwicklung/C++/Qt/Tools/mingw48_32/bin/mingw32-make.exe -f &quot;C:/Users/Stefan/Documents/GitHub/Openpp/Sources/Playground/AI/NeuralNetworks2-build/Makefile&quot;  VERBOSE=1 &quot;$file&quot;" />
            <Clean command="C:/Softwareentwicklung/C++/Qt/Tools/mingw48_32/bin/mingw32-make.exe -f &quot;C:/Users/Stefan/Documents/GitHub/Openpp/Sources/Playground/AI/NeuralNetworks2-build/Makefile&quot;  VERBOSE=1 clean" />
            <DistClean command="C:/Softwareentwicklung/C++/Qt/Tools/mingw48_32/bin/mingw32-make.exe -f &quot;C:/Users/Stefan/Documents/GitHub/Openpp/Sources/Playground/AI/NeuralNetworks2-build/Makefile&quot;  VERBOSE=1 clean" />
         </MakeCommands>
      </Target>
      <Target title="rebuild_cache">
         <Option working_dir="C:/Users/Stefan/Documents/GitHub/Openpp/Sources/Playground/AI/NeuralNetworks2-build" />
         <Option type="4" />
         <MakeCommands>
            <Build command="C:/Softwareentwicklung/C++/Qt/Tools/mingw48_32/bin/mingw32-make.exe -f &quot;C:/Users/Stefan/Documents/GitHub/Openpp/Sources/Playground/AI/NeuralNetworks2-build/Makefile&quot;  VERBOSE=1 rebuild_cache" />
            <CompileFile command="C:/Softwareentwicklung/C++/Qt/Tools/mingw48_32/bin/mingw32-make.exe -f &quot;C:/Users/Stefan/Documents/GitHub/Openpp/Sources/Playground/AI/NeuralNetworks2-build/Makefile&quot;  VERBOSE=1 &quot;$file&quot;" />
            <Clean command="C:/Softwareentwicklung/C++/Qt/Tools/mingw48_32/bin/mingw32-make.exe -f &quot;C:/Users/Stefan/Documents/GitHub/Openpp/Sources/Playground/AI/NeuralNetworks2-build/Makefile&quot;  VERBOSE=1 clean" />
            <DistClean command="C:/Softwareentwicklung/C++/Qt/Tools/mingw48_32/bin/mingw32-make.exe -f &quot;C:/Users/Stefan/Documents/GitHub/Openpp/Sources/Playground/AI/NeuralNetworks2-build/Makefile&quot;  VERBOSE=1 clean" />
         </MakeCommands>
      </Target>
      <Target title="list_install_components">
         <Option working_dir="C:/Users/Stefan/Documents/GitHub/Openpp/Sources/Playground/AI/NeuralNetworks2-build" />
         <Option type="4" />
         <MakeCommands>
            <Build command="C:/Softwareentwicklung/C++/Qt/Tools/mingw48_32/bin/mingw32-make.exe -f &quot;C:/Users/Stefan/Documents/GitHub/Openpp/Sources/Playground/AI/NeuralNetworks2-build/Makefile&quot;  VERBOSE=1 list_install_components" />
            <CompileFile command="C:/Softwareentwicklung/C++/Qt/Tools/mingw48_32/bin/mingw32-make.exe -f &quot;C:/Users/Stefan/Documents/GitHub/Openpp/Sources/Playground/AI/NeuralNetworks2-build/Makefile&quot;  VERBOSE=1 &quot;$file&quot;" />
            <Clean command="C:/Softwareentwicklung/C++/Qt/Tools/mingw48_32/bin/mingw32-make.exe -f &quot;C:/Users/Stefan/Documents/GitHub/Openpp/Sources/Playground/AI/NeuralNetworks2-build/Makefile&quot;  VERBOSE=1 clean" />
            <DistClean command="C:/Softwareentwicklung/C++/Qt/Tools/mingw48_32/bin/mingw32-make.exe -f &quot;C:/Users/Stefan/Documents/GitHub/Openpp/Sources/Playground/AI/NeuralNetworks2-build/Makefile&quot;  VERBOSE=1 clean" />
         </MakeCommands>
      </Target>
      <Target title="PlaygroundAINeuralNetworks2">
         <Option output="C:/Users/Stefan/Documents/GitHub/Openpp/Sources/Playground/AI/NeuralNetworks2/PlaygroundAINeuralNetworks2.exe" prefix_auto="0" extension_auto="0" />
         <Option working_dir="C:/Users/Stefan/Documents/GitHub/Openpp/Sources/Playground/AI/NeuralNetworks2" />
         <Option object_output="./" />
         <Option type="1" />
         <Option compiler="gcc" />
         <Compiler>
            <Add directory="C:/Users/Stefan/Documents/GitHub/Openpp/Sources/3rdParty/Box2D_v2.3.0/Box2D" />
            <Add directory="C:/Users/Stefan/Documents/GitHub/Openpp/Sources/3rdParty/SDL2-2.0.3/include" />
            <Add directory="C:/Users/Stefan/Documents/GitHub/Openpp/Sources/3rdParty/SFML-2.2/include" />
            <Add directory="C:/Users/Stefan/Documents/GitHub/Openpp/Sources/3rdParty/boost_1_57_0" />
            <Add directory="C:/Users/Stefan/Documents/GitHub/Openpp/Sources/include" />
            <Add directory="c:\softwareentwicklung\c++\qt\tools\mingw48_32\bin\../lib/gcc/i686-w64-mingw32/4.8.0/../../../../i686-w64-mingw32/include" />
            <Add directory="c:\softwareentwicklung\c++\qt\tools\mingw48_32\bin\../lib/gcc/i686-w64-mingw32/4.8.0/include" />
            <Add directory="c:\softwareentwicklung\c++\qt\tools\mingw48_32\bin\../lib/gcc/i686-w64-mingw32/4.8.0/include-fixed" />
            <Add directory="c:\softwareentwicklung\c++\qt\tools\mingw48_32\bin\../lib/gcc/i686-w64-mingw32/4.8.0/include/c++" />
            <Add directory="c:\softwareentwicklung\c++\qt\tools\mingw48_32\bin\../lib/gcc/i686-w64-mingw32/4.8.0/include/c++/backward" />
            <Add directory="c:\softwareentwicklung\c++\qt\tools\mingw48_32\bin\../lib/gcc/i686-w64-mingw32/4.8.0/include/c++/i686-w64-mingw32" />
         </Compiler>
         <MakeCommands>
            <Build command="C:/Softwareentwicklung/C++/Qt/Tools/mingw48_32/bin/mingw32-make.exe -f &quot;C:/Users/Stefan/Documents/GitHub/Openpp/Sources/Playground/AI/NeuralNetworks2-build/Makefile&quot;  VERBOSE=1 PlaygroundAINeuralNetworks2" />
            <CompileFile command="C:/Softwareentwicklung/C++/Qt/Tools/mingw48_32/bin/mingw32-make.exe -f &quot;C:/Users/Stefan/Documents/GitHub/Openpp/Sources/Playground/AI/NeuralNetworks2-build/Makefile&quot;  VERBOSE=1 &quot;$file&quot;" />
            <Clean command="C:/Softwareentwicklung/C++/Qt/Tools/mingw48_32/bin/mingw32-make.exe -f &quot;C:/Users/Stefan/Documents/GitHub/Openpp/Sources/Playground/AI/NeuralNetworks2-build/Makefile&quot;  VERBOSE=1 clean" />
            <DistClean command="C:/Softwareentwicklung/C++/Qt/Tools/mingw48_32/bin/mingw32-make.exe -f &quot;C:/Users/Stefan/Documents/GitHub/Openpp/Sources/Playground/AI/NeuralNetworks2-build/Makefile&quot;  VERBOSE=1 clean" />
         </MakeCommands>
      </Target>
      <Target title="PlaygroundAINeuralNetworks2/fast">
         <Option output="C:/Users/Stefan/Documents/GitHub/Openpp/Sources/Playground/AI/NeuralNetworks2/PlaygroundAINeuralNetworks2.exe" prefix_auto="0" extension_auto="0" />
         <Option working_dir="C:/Users/Stefan/Documents/GitHub/Openpp/Sources/Playground/AI/NeuralNetworks2" />
         <Option object_output="./" />
         <Option type="1" />
         <Option compiler="gcc" />
         <Compiler>
            <Add directory="C:/Users/Stefan/Documents/GitHub/Openpp/Sources/3rdParty/Box2D_v2.3.0/Box2D" />
            <Add directory="C:/Users/Stefan/Documents/GitHub/Openpp/Sources/3rdParty/SDL2-2.0.3/include" />
            <Add directory="C:/Users/Stefan/Documents/GitHub/Openpp/Sources/3rdParty/SFML-2.2/include" />
            <Add directory="C:/Users/Stefan/Documents/GitHub/Openpp/Sources/3rdParty/boost_1_57_0" />
            <Add directory="C:/Users/Stefan/Documents/GitHub/Openpp/Sources/include" />
            <Add directory="c:\softwareentwicklung\c++\qt\tools\mingw48_32\bin\../lib/gcc/i686-w64-mingw32/4.8.0/../../../../i686-w64-mingw32/include" />
            <Add directory="c:\softwareentwicklung\c++\qt\tools\mingw48_32\bin\../lib/gcc/i686-w64-mingw32/4.8.0/include" />
            <Add directory="c:\softwareentwicklung\c++\qt\tools\mingw48_32\bin\../lib/gcc/i686-w64-mingw32/4.8.0/include-fixed" />
            <Add directory="c:\softwareentwicklung\c++\qt\tools\mingw48_32\bin\../lib/gcc/i686-w64-mingw32/4.8.0/include/c++" />
            <Add directory="c:\softwareentwicklung\c++\qt\tools\mingw48_32\bin\../lib/gcc/i686-w64-mingw32/4.8.0/include/c++/backward" />
            <Add directory="c:\softwareentwicklung\c++\qt\tools\mingw48_32\bin\../lib/gcc/i686-w64-mingw32/4.8.0/include/c++/i686-w64-mingw32" />
         </Compiler>
         <MakeCommands>
            <Build command="C:/Softwareentwicklung/C++/Qt/Tools/mingw48_32/bin/mingw32-make.exe -f &quot;C:/Users/Stefan/Documents/GitHub/Openpp/Sources/Playground/AI/NeuralNetworks2-build/Makefile&quot;  VERBOSE=1 PlaygroundAINeuralNetworks2/fast" />
            <CompileFile command="C:/Softwareentwicklung/C++/Qt/Tools/mingw48_32/bin/mingw32-make.exe -f &quot;C:/Users/Stefan/Documents/GitHub/Openpp/Sources/Playground/AI/NeuralNetworks2-build/Makefile&quot;  VERBOSE=1 &quot;$file&quot;" />
            <Clean command="C:/Softwareentwicklung/C++/Qt/Tools/mingw48_32/bin/mingw32-make.exe -f &quot;C:/Users/Stefan/Documents/GitHub/Openpp/Sources/Playground/AI/NeuralNetworks2-build/Makefile&quot;  VERBOSE=1 clean" />
            <DistClean command="C:/Softwareentwicklung/C++/Qt/Tools/mingw48_32/bin/mingw32-make.exe -f &quot;C:/Users/Stefan/Documents/GitHub/Openpp/Sources/Playground/AI/NeuralNetworks2-build/Makefile&quot;  VERBOSE=1 clean" />
         </MakeCommands>
      </Target>
      </Build>
      <Unit filename="C:/Users/Stefan/Documents/GitHub/Openpp/Sources/Playground/AI/NeuralNetworks2/main.cpp">
      </Unit>
      <Unit filename="C:/Users/Stefan/Documents/GitHub/Openpp/Sources/Playground/AI/NeuralNetworks2/CMakeLists.txt">
          <Option virtualFolder="CMake Files\" />
      </Unit>
      <Unit filename="C:/Users/Stefan/Documents/GitHub/Openpp/Sources/Playground/AI/NeuralNetworks2/../../../OpenppConfig.txt">
          <Option virtualFolder="CMake Files\..\..\..\" />
      </Unit>
      <Unit filename="C:/Users/Stefan/Documents/GitHub/Openpp/Sources/Playground/AI/NeuralNetworks2/../../../3rdParty/3rdParties.txt">
          <Option virtualFolder="CMake Files\..\..\..\3rdParty\" />
      </Unit>
   </Project>
</CodeBlocks_project_file>
